
Microsoft Visual Studio Solution File, Format Version 12.00
Project("{FAE04EC0-301F-11D3-BF4B-00C04F79EFBC}") = "DAL.EF.App", "DAL.EF.App\DAL.EF.App.csproj", "{BDF83F60-AA76-4BB7-8374-87429F9F1EE7}"
EndProject
Project("{FAE04EC0-301F-11D3-BF4B-00C04F79EFBC}") = "Domain.App", "Domain.App\Domain.App.csproj", "{99C09D62-298D-4338-9151-93D79B622191}"
EndProject
Project("{2150E333-8FDC-42A3-9474-1A3956D46DE8}") = "SolutionItems", "SolutionItems", "{A831A7B7-63AF-4252-B18A-5439AB7A3E1F}"
	ProjectSection(SolutionItems) = preProject
		..\README_COMMANDS.md = ..\README_COMMANDS.md
		..\..\aw-struct-train\aw-train\Directory.Build.props = ..\..\aw-struct-train\aw-train\Directory.Build.props
		..\docker-compose.yml = ..\docker-compose.yml
		Dockerfile = Dockerfile
		.dockerignore = .dockerignore
	EndProjectSection
EndProject
Project("{2150E333-8FDC-42A3-9474-1A3956D46DE8}") = "APP", "APP", "{AE96E56F-DDD8-487D-BA1E-BDB2EAAA6A7E}"
EndProject
Project("{2150E333-8FDC-42A3-9474-1A3956D46DE8}") = "BASE", "BASE", "{BD70FAB9-D86B-4931-AB0A-0A538774DBB9}"
EndProject
Project("{2150E333-8FDC-42A3-9474-1A3956D46DE8}") = "Contracts", "Contracts", "{48F07D27-2200-4AA7-9BAE-B4F7F40FE127}"
EndProject
Project("{FAE04EC0-301F-11D3-BF4B-00C04F79EFBC}") = "Domain.Base", "Domain.Base\Domain.Base.csproj", "{E336A205-ED28-4826-9EDA-A962FB8813E3}"
EndProject
Project("{FAE04EC0-301F-11D3-BF4B-00C04F79EFBC}") = "Domain.Contracts.Base", "Domain.Contracts.Base\Domain.Contracts.Base.csproj", "{394CED26-8159-453D-A53A-21E750B84722}"
EndProject
Project("{FAE04EC0-301F-11D3-BF4B-00C04F79EFBC}") = "WebApp", "WebApp\WebApp.csproj", "{4969EF68-65C6-48E4-935A-EB858FCA745A}"
EndProject
Project("{FAE04EC0-301F-11D3-BF4B-00C04F79EFBC}") = "DAL.Contracts.Base", "DAL.Contracts.Base\DAL.Contracts.Base.csproj", "{5CF277FA-0345-4CE4-801E-2DB86F722E80}"
EndProject
Project("{FAE04EC0-301F-11D3-BF4B-00C04F79EFBC}") = "DAL.EF.Base", "DAL.EF.Base\DAL.EF.Base.csproj", "{8D5E8356-0E10-4907-889E-FF7350C5BAC7}"
EndProject
Project("{2150E333-8FDC-42A3-9474-1A3956D46DE8}") = "Contracts", "Contracts", "{BC480793-D0F1-458A-8408-1B1B7FE8EF80}"
EndProject
Project("{FAE04EC0-301F-11D3-BF4B-00C04F79EFBC}") = "DAL.Contracts.App", "DAL.Contracts.App\DAL.Contracts.App.csproj", "{9AB45A58-67FE-43AF-A65D-80CD145A96E7}"
EndProject
Project("{FAE04EC0-301F-11D3-BF4B-00C04F79EFBC}") = "HelperMethods.Base", "HelperMethods.Base\HelperMethods.Base.csproj", "{9A04D143-E5FB-49E2-83F9-C53D40F27757}"
EndProject
Project("{FAE04EC0-301F-11D3-BF4B-00C04F79EFBC}") = "Public.DTO", "Public.DTO\Public.DTO.csproj", "{A2D441C9-6265-4F98-8FA0-293D26219E20}"
EndProject
Project("{FAE04EC0-301F-11D3-BF4B-00C04F79EFBC}") = "Contracts.Base", "Contracts.Base\Contracts.Base.csproj", "{CA331A3C-DC66-433D-80F2-7964D6142300}"
EndProject
Project("{FAE04EC0-301F-11D3-BF4B-00C04F79EFBC}") = "DAL.Base", "DAL.Base\DAL.Base.csproj", "{697E75EA-E408-4B90-885B-9340460471B9}"
EndProject
Project("{FAE04EC0-301F-11D3-BF4B-00C04F79EFBC}") = "BLL.Base", "BLL.Base\BLL.Base.csproj", "{3259CE62-DFDE-4EF0-88F3-5782C09DCACE}"
EndProject
Project("{FAE04EC0-301F-11D3-BF4B-00C04F79EFBC}") = "BLL.Contracts.Base", "BLL.Contracts.Base\BLL.Contracts.Base.csproj", "{7364D007-0C4A-42FF-95C2-4F2CF6CCF217}"
EndProject
Project("{FAE04EC0-301F-11D3-BF4B-00C04F79EFBC}") = "BLL.Contracts.App", "BLL.Contracts.App\BLL.Contracts.App.csproj", "{BD78EA0E-D63E-4B6E-A825-048B127F0367}"
EndProject
Project("{FAE04EC0-301F-11D3-BF4B-00C04F79EFBC}") = "BLL.App", "BLL.App\BLL.App.csproj", "{F9C17019-F11D-4867-8D76-D80C47EA919F}"
EndProject
Project("{FAE04EC0-301F-11D3-BF4B-00C04F79EFBC}") = "BLL.DTO", "BLL.DTO\BLL.DTO.csproj", "{B40A84B3-FF6C-418C-9400-339AC173206C}"
EndProject
Project("{FAE04EC0-301F-11D3-BF4B-00C04F79EFBC}") = "TestProject", "TestProject\TestProject.csproj", "{F77C8EF7-E70B-4CE2-B47A-B4E96387D956}"
EndProject
Global
	GlobalSection(SolutionConfigurationPlatforms) = preSolution
		Debug|Any CPU = Debug|Any CPU
		Release|Any CPU = Release|Any CPU
	EndGlobalSection
	GlobalSection(ProjectConfigurationPlatforms) = postSolution
		{BDF83F60-AA76-4BB7-8374-87429F9F1EE7}.Debug|Any CPU.ActiveCfg = Debug|Any CPU
		{BDF83F60-AA76-4BB7-8374-87429F9F1EE7}.Debug|Any CPU.Build.0 = Debug|Any CPU
		{BDF83F60-AA76-4BB7-8374-87429F9F1EE7}.Release|Any CPU.ActiveCfg = Release|Any CPU
		{BDF83F60-AA76-4BB7-8374-87429F9F1EE7}.Release|Any CPU.Build.0 = Release|Any CPU
		{99C09D62-298D-4338-9151-93D79B622191}.Debug|Any CPU.ActiveCfg = Debug|Any CPU
		{99C09D62-298D-4338-9151-93D79B622191}.Debug|Any CPU.Build.0 = Debug|Any CPU
		{99C09D62-298D-4338-9151-93D79B622191}.Release|Any CPU.ActiveCfg = Release|Any CPU
		{99C09D62-298D-4338-9151-93D79B622191}.Release|Any CPU.Build.0 = Release|Any CPU
		{E336A205-ED28-4826-9EDA-A962FB8813E3}.Debug|Any CPU.ActiveCfg = Debug|Any CPU
		{E336A205-ED28-4826-9EDA-A962FB8813E3}.Debug|Any CPU.Build.0 = Debug|Any CPU
		{E336A205-ED28-4826-9EDA-A962FB8813E3}.Release|Any CPU.ActiveCfg = Release|Any CPU
		{E336A205-ED28-4826-9EDA-A962FB8813E3}.Release|Any CPU.Build.0 = Release|Any CPU
		{394CED26-8159-453D-A53A-21E750B84722}.Debug|Any CPU.ActiveCfg = Debug|Any CPU
		{394CED26-8159-453D-A53A-21E750B84722}.Debug|Any CPU.Build.0 = Debug|Any CPU
		{394CED26-8159-453D-A53A-21E750B84722}.Release|Any CPU.ActiveCfg = Release|Any CPU
		{394CED26-8159-453D-A53A-21E750B84722}.Release|Any CPU.Build.0 = Release|Any CPU
		{4969EF68-65C6-48E4-935A-EB858FCA745A}.Debug|Any CPU.ActiveCfg = Debug|Any CPU
		{4969EF68-65C6-48E4-935A-EB858FCA745A}.Debug|Any CPU.Build.0 = Debug|Any CPU
		{4969EF68-65C6-48E4-935A-EB858FCA745A}.Release|Any CPU.ActiveCfg = Release|Any CPU
		{4969EF68-65C6-48E4-935A-EB858FCA745A}.Release|Any CPU.Build.0 = Release|Any CPU
		{5CF277FA-0345-4CE4-801E-2DB86F722E80}.Debug|Any CPU.ActiveCfg = Debug|Any CPU
		{5CF277FA-0345-4CE4-801E-2DB86F722E80}.Debug|Any CPU.Build.0 = Debug|Any CPU
		{5CF277FA-0345-4CE4-801E-2DB86F722E80}.Release|Any CPU.ActiveCfg = Release|Any CPU
		{5CF277FA-0345-4CE4-801E-2DB86F722E80}.Release|Any CPU.Build.0 = Release|Any CPU
		{8D5E8356-0E10-4907-889E-FF7350C5BAC7}.Debug|Any CPU.ActiveCfg = Debug|Any CPU
		{8D5E8356-0E10-4907-889E-FF7350C5BAC7}.Debug|Any CPU.Build.0 = Debug|Any CPU
		{8D5E8356-0E10-4907-889E-FF7350C5BAC7}.Release|Any CPU.ActiveCfg = Release|Any CPU
		{8D5E8356-0E10-4907-889E-FF7350C5BAC7}.Release|Any CPU.Build.0 = Release|Any CPU
		{9AB45A58-67FE-43AF-A65D-80CD145A96E7}.Debug|Any CPU.ActiveCfg = Debug|Any CPU
		{9AB45A58-67FE-43AF-A65D-80CD145A96E7}.Debug|Any CPU.Build.0 = Debug|Any CPU
		{9AB45A58-67FE-43AF-A65D-80CD145A96E7}.Release|Any CPU.ActiveCfg = Release|Any CPU
		{9AB45A58-67FE-43AF-A65D-80CD145A96E7}.Release|Any CPU.Build.0 = Release|Any CPU
		{9A04D143-E5FB-49E2-83F9-C53D40F27757}.Debug|Any CPU.ActiveCfg = Debug|Any CPU
		{9A04D143-E5FB-49E2-83F9-C53D40F27757}.Debug|Any CPU.Build.0 = Debug|Any CPU
		{9A04D143-E5FB-49E2-83F9-C53D40F27757}.Release|Any CPU.ActiveCfg = Release|Any CPU
		{9A04D143-E5FB-49E2-83F9-C53D40F27757}.Release|Any CPU.Build.0 = Release|Any CPU
		{A2D441C9-6265-4F98-8FA0-293D26219E20}.Debug|Any CPU.ActiveCfg = Debug|Any CPU
		{A2D441C9-6265-4F98-8FA0-293D26219E20}.Debug|Any CPU.Build.0 = Debug|Any CPU
		{A2D441C9-6265-4F98-8FA0-293D26219E20}.Release|Any CPU.ActiveCfg = Release|Any CPU
		{A2D441C9-6265-4F98-8FA0-293D26219E20}.Release|Any CPU.Build.0 = Release|Any CPU
		{CA331A3C-DC66-433D-80F2-7964D6142300}.Debug|Any CPU.ActiveCfg = Debug|Any CPU
		{CA331A3C-DC66-433D-80F2-7964D6142300}.Debug|Any CPU.Build.0 = Debug|Any CPU
		{CA331A3C-DC66-433D-80F2-7964D6142300}.Release|Any CPU.ActiveCfg = Release|Any CPU
		{CA331A3C-DC66-433D-80F2-7964D6142300}.Release|Any CPU.Build.0 = Release|Any CPU
		{697E75EA-E408-4B90-885B-9340460471B9}.Debug|Any CPU.ActiveCfg = Debug|Any CPU
		{697E75EA-E408-4B90-885B-9340460471B9}.Debug|Any CPU.Build.0 = Debug|Any CPU
		{697E75EA-E408-4B90-885B-9340460471B9}.Release|Any CPU.ActiveCfg = Release|Any CPU
		{697E75EA-E408-4B90-885B-9340460471B9}.Release|Any CPU.Build.0 = Release|Any CPU
		{3259CE62-DFDE-4EF0-88F3-5782C09DCACE}.Debug|Any CPU.ActiveCfg = Debug|Any CPU
		{3259CE62-DFDE-4EF0-88F3-5782C09DCACE}.Debug|Any CPU.Build.0 = Debug|Any CPU
		{3259CE62-DFDE-4EF0-88F3-5782C09DCACE}.Release|Any CPU.ActiveCfg = Release|Any CPU
		{3259CE62-DFDE-4EF0-88F3-5782C09DCACE}.Release|Any CPU.Build.0 = Release|Any CPU
		{7364D007-0C4A-42FF-95C2-4F2CF6CCF217}.Debug|Any CPU.ActiveCfg = Debug|Any CPU
		{7364D007-0C4A-42FF-95C2-4F2CF6CCF217}.Debug|Any CPU.Build.0 = Debug|Any CPU
		{7364D007-0C4A-42FF-95C2-4F2CF6CCF217}.Release|Any CPU.ActiveCfg = Release|Any CPU
		{7364D007-0C4A-42FF-95C2-4F2CF6CCF217}.Release|Any CPU.Build.0 = Release|Any CPU
		{BD78EA0E-D63E-4B6E-A825-048B127F0367}.Debug|Any CPU.ActiveCfg = Debug|Any CPU
		{BD78EA0E-D63E-4B6E-A825-048B127F0367}.Debug|Any CPU.Build.0 = Debug|Any CPU
		{BD78EA0E-D63E-4B6E-A825-048B127F0367}.Release|Any CPU.ActiveCfg = Release|Any CPU
		{BD78EA0E-D63E-4B6E-A825-048B127F0367}.Release|Any CPU.Build.0 = Release|Any CPU
		{F9C17019-F11D-4867-8D76-D80C47EA919F}.Debug|Any CPU.ActiveCfg = Debug|Any CPU
		{F9C17019-F11D-4867-8D76-D80C47EA919F}.Debug|Any CPU.Build.0 = Debug|Any CPU
		{F9C17019-F11D-4867-8D76-D80C47EA919F}.Release|Any CPU.ActiveCfg = Release|Any CPU
		{F9C17019-F11D-4867-8D76-D80C47EA919F}.Release|Any CPU.Build.0 = Release|Any CPU
		{B40A84B3-FF6C-418C-9400-339AC173206C}.Debug|Any CPU.ActiveCfg = Debug|Any CPU
		{B40A84B3-FF6C-418C-9400-339AC173206C}.Debug|Any CPU.Build.0 = Debug|Any CPU
		{B40A84B3-FF6C-418C-9400-339AC173206C}.Release|Any CPU.ActiveCfg = Release|Any CPU
		{B40A84B3-FF6C-418C-9400-339AC173206C}.Release|Any CPU.Build.0 = Release|Any CPU
		{F77C8EF7-E70B-4CE2-B47A-B4E96387D956}.Debug|Any CPU.ActiveCfg = Debug|Any CPU
		{F77C8EF7-E70B-4CE2-B47A-B4E96387D956}.Debug|Any CPU.Build.0 = Debug|Any CPU
		{F77C8EF7-E70B-4CE2-B47A-B4E96387D956}.Release|Any CPU.ActiveCfg = Release|Any CPU
		{F77C8EF7-E70B-4CE2-B47A-B4E96387D956}.Release|Any CPU.Build.0 = Release|Any CPU
	EndGlobalSection
	GlobalSection(NestedProjects) = preSolution
		{BDF83F60-AA76-4BB7-8374-87429F9F1EE7} = {AE96E56F-DDD8-487D-BA1E-BDB2EAAA6A7E}
		{99C09D62-298D-4338-9151-93D79B622191} = {AE96E56F-DDD8-487D-BA1E-BDB2EAAA6A7E}
		{48F07D27-2200-4AA7-9BAE-B4F7F40FE127} = {BD70FAB9-D86B-4931-AB0A-0A538774DBB9}
		{E336A205-ED28-4826-9EDA-A962FB8813E3} = {BD70FAB9-D86B-4931-AB0A-0A538774DBB9}
		{394CED26-8159-453D-A53A-21E750B84722} = {48F07D27-2200-4AA7-9BAE-B4F7F40FE127}
		{4969EF68-65C6-48E4-935A-EB858FCA745A} = {AE96E56F-DDD8-487D-BA1E-BDB2EAAA6A7E}
		{5CF277FA-0345-4CE4-801E-2DB86F722E80} = {48F07D27-2200-4AA7-9BAE-B4F7F40FE127}
		{8D5E8356-0E10-4907-889E-FF7350C5BAC7} = {BD70FAB9-D86B-4931-AB0A-0A538774DBB9}
		{BC480793-D0F1-458A-8408-1B1B7FE8EF80} = {AE96E56F-DDD8-487D-BA1E-BDB2EAAA6A7E}
		{9AB45A58-67FE-43AF-A65D-80CD145A96E7} = {BC480793-D0F1-458A-8408-1B1B7FE8EF80}
		{9A04D143-E5FB-49E2-83F9-C53D40F27757} = {BD70FAB9-D86B-4931-AB0A-0A538774DBB9}
		{A2D441C9-6265-4F98-8FA0-293D26219E20} = {AE96E56F-DDD8-487D-BA1E-BDB2EAAA6A7E}
		{CA331A3C-DC66-433D-80F2-7964D6142300} = {48F07D27-2200-4AA7-9BAE-B4F7F40FE127}
		{697E75EA-E408-4B90-885B-9340460471B9} = {BD70FAB9-D86B-4931-AB0A-0A538774DBB9}
		{3259CE62-DFDE-4EF0-88F3-5782C09DCACE} = {BD70FAB9-D86B-4931-AB0A-0A538774DBB9}
		{7364D007-0C4A-42FF-95C2-4F2CF6CCF217} = {48F07D27-2200-4AA7-9BAE-B4F7F40FE127}
		{BD78EA0E-D63E-4B6E-A825-048B127F0367} = {BC480793-D0F1-458A-8408-1B1B7FE8EF80}
		{F9C17019-F11D-4867-8D76-D80C47EA919F} = {AE96E56F-DDD8-487D-BA1E-BDB2EAAA6A7E}
		{B40A84B3-FF6C-418C-9400-339AC173206C} = {AE96E56F-DDD8-487D-BA1E-BDB2EAAA6A7E}
		{F77C8EF7-E70B-4CE2-B47A-B4E96387D956} = {AE96E56F-DDD8-487D-BA1E-BDB2EAAA6A7E}
	EndGlobalSection
EndGlobal
